
Microsoft Visual Studio Solution File, Format Version 12.00
# Visual Studio Version 17
VisualStudioVersion = 17.0.31903.59
MinimumVisualStudioVersion = 10.0.40219.1
Project("{2150E333-8FDC-42A3-9474-1A3956D46DE8}") = "src", "src", "{827E0CD3-B72D-47B6-A68D-7590B98EB39B}"
EndProject
Project("{FAE04EC0-301F-11D3-BF4B-00C04F79EFBC}") = "Results", "src\Results\Results.csproj", "{0546DFD4-80B5-4206-98E7-1F21B06D461D}"
EndProject
Project("{FAE04EC0-301F-11D3-BF4B-00C04F79EFBC}") = "Results.Test", "src\Results.Test\Results.Test.csproj", "{DFEA328D-26D2-460F-9E11-20D69BA49DA7}"
EndProject
Project("{FAE04EC0-301F-11D3-BF4B-00C04F79EFBC}") = "Results.Functionality", "src\Results.Functionality\Results.Functionality.csproj", "{C827DC3C-E1FF-4290-B88A-505A8DDE3D76}"
EndProject
Project("{FAE04EC0-301F-11D3-BF4B-00C04F79EFBC}") = "Results.Functionality.Test", "src\Results.Functionality.Test\Results.Functionality.Test.csproj", "{C0A79099-1C9A-467D-905C-81475663C56D}"
EndProject
Global
	GlobalSection(SolutionConfigurationPlatforms) = preSolution
		Debug|Any CPU = Debug|Any CPU
		Debug|x64 = Debug|x64
		Debug|x86 = Debug|x86
		Release|Any CPU = Release|Any CPU
		Release|x64 = Release|x64
		Release|x86 = Release|x86
	EndGlobalSection
	GlobalSection(ProjectConfigurationPlatforms) = postSolution
		{0546DFD4-80B5-4206-98E7-1F21B06D461D}.Debug|Any CPU.ActiveCfg = Debug|Any CPU
		{0546DFD4-80B5-4206-98E7-1F21B06D461D}.Debug|Any CPU.Build.0 = Debug|Any CPU
		{0546DFD4-80B5-4206-98E7-1F21B06D461D}.Debug|x64.ActiveCfg = Debug|Any CPU
		{0546DFD4-80B5-4206-98E7-1F21B06D461D}.Debug|x64.Build.0 = Debug|Any CPU
		{0546DFD4-80B5-4206-98E7-1F21B06D461D}.Debug|x86.ActiveCfg = Debug|Any CPU
		{0546DFD4-80B5-4206-98E7-1F21B06D461D}.Debug|x86.Build.0 = Debug|Any CPU
		{0546DFD4-80B5-4206-98E7-1F21B06D461D}.Release|Any CPU.ActiveCfg = Release|Any CPU
		{0546DFD4-80B5-4206-98E7-1F21B06D461D}.Release|Any CPU.Build.0 = Release|Any CPU
		{0546DFD4-80B5-4206-98E7-1F21B06D461D}.Release|x64.ActiveCfg = Release|Any CPU
		{0546DFD4-80B5-4206-98E7-1F21B06D461D}.Release|x64.Build.0 = Release|Any CPU
		{0546DFD4-80B5-4206-98E7-1F21B06D461D}.Release|x86.ActiveCfg = Release|Any CPU
		{0546DFD4-80B5-4206-98E7-1F21B06D461D}.Release|x86.Build.0 = Release|Any CPU
		{DFEA328D-26D2-460F-9E11-20D69BA49DA7}.Debug|Any CPU.ActiveCfg = Debug|Any CPU
		{DFEA328D-26D2-460F-9E11-20D69BA49DA7}.Debug|Any CPU.Build.0 = Debug|Any CPU
		{DFEA328D-26D2-460F-9E11-20D69BA49DA7}.Debug|x64.ActiveCfg = Debug|Any CPU
		{DFEA328D-26D2-460F-9E11-20D69BA49DA7}.Debug|x64.Build.0 = Debug|Any CPU
		{DFEA328D-26D2-460F-9E11-20D69BA49DA7}.Debug|x86.ActiveCfg = Debug|Any CPU
		{DFEA328D-26D2-460F-9E11-20D69BA49DA7}.Debug|x86.Build.0 = Debug|Any CPU
		{DFEA328D-26D2-460F-9E11-20D69BA49DA7}.Release|Any CPU.ActiveCfg = Release|Any CPU
		{DFEA328D-26D2-460F-9E11-20D69BA49DA7}.Release|Any CPU.Build.0 = Release|Any CPU
		{DFEA328D-26D2-460F-9E11-20D69BA49DA7}.Release|x64.ActiveCfg = Release|Any CPU
		{DFEA328D-26D2-460F-9E11-20D69BA49DA7}.Release|x64.Build.0 = Release|Any CPU
		{DFEA328D-26D2-460F-9E11-20D69BA49DA7}.Release|x86.ActiveCfg = Release|Any CPU
		{DFEA328D-26D2-460F-9E11-20D69BA49DA7}.Release|x86.Build.0 = Release|Any CPU
		{C827DC3C-E1FF-4290-B88A-505A8DDE3D76}.Debug|Any CPU.ActiveCfg = Debug|Any CPU
		{C827DC3C-E1FF-4290-B88A-505A8DDE3D76}.Debug|Any CPU.Build.0 = Debug|Any CPU
		{C827DC3C-E1FF-4290-B88A-505A8DDE3D76}.Debug|x64.ActiveCfg = Debug|Any CPU
		{C827DC3C-E1FF-4290-B88A-505A8DDE3D76}.Debug|x64.Build.0 = Debug|Any CPU
		{C827DC3C-E1FF-4290-B88A-505A8DDE3D76}.Debug|x86.ActiveCfg = Debug|Any CPU
		{C827DC3C-E1FF-4290-B88A-505A8DDE3D76}.Debug|x86.Build.0 = Debug|Any CPU
		{C827DC3C-E1FF-4290-B88A-505A8DDE3D76}.Release|Any CPU.ActiveCfg = Release|Any CPU
		{C827DC3C-E1FF-4290-B88A-505A8DDE3D76}.Release|Any CPU.Build.0 = Release|Any CPU
		{C827DC3C-E1FF-4290-B88A-505A8DDE3D76}.Release|x64.ActiveCfg = Release|Any CPU
		{C827DC3C-E1FF-4290-B88A-505A8DDE3D76}.Release|x64.Build.0 = Release|Any CPU
		{C827DC3C-E1FF-4290-B88A-505A8DDE3D76}.Release|x86.ActiveCfg = Release|Any CPU
		{C827DC3C-E1FF-4290-B88A-505A8DDE3D76}.Release|x86.Build.0 = Release|Any CPU
		{C0A79099-1C9A-467D-905C-81475663C56D}.Debug|Any CPU.ActiveCfg = Debug|Any CPU
		{C0A79099-1C9A-467D-905C-81475663C56D}.Debug|Any CPU.Build.0 = Debug|Any CPU
		{C0A79099-1C9A-467D-905C-81475663C56D}.Debug|x64.ActiveCfg = Debug|Any CPU
		{C0A79099-1C9A-467D-905C-81475663C56D}.Debug|x64.Build.0 = Debug|Any CPU
		{C0A79099-1C9A-467D-905C-81475663C56D}.Debug|x86.ActiveCfg = Debug|Any CPU
		{C0A79099-1C9A-467D-905C-81475663C56D}.Debug|x86.Build.0 = Debug|Any CPU
		{C0A79099-1C9A-467D-905C-81475663C56D}.Release|Any CPU.ActiveCfg = Release|Any CPU
		{C0A79099-1C9A-467D-905C-81475663C56D}.Release|Any CPU.Build.0 = Release|Any CPU
		{C0A79099-1C9A-467D-905C-81475663C56D}.Release|x64.ActiveCfg = Release|Any CPU
		{C0A79099-1C9A-467D-905C-81475663C56D}.Release|x64.Build.0 = Release|Any CPU
		{C0A79099-1C9A-467D-905C-81475663C56D}.Release|x86.ActiveCfg = Release|Any CPU
		{C0A79099-1C9A-467D-905C-81475663C56D}.Release|x86.Build.0 = Release|Any CPU
	EndGlobalSection
	GlobalSection(SolutionProperties) = preSolution
		HideSolutionNode = FALSE
	EndGlobalSection
	GlobalSection(NestedProjects) = preSolution
		{0546DFD4-80B5-4206-98E7-1F21B06D461D} = {827E0CD3-B72D-47B6-A68D-7590B98EB39B}
		{DFEA328D-26D2-460F-9E11-20D69BA49DA7} = {827E0CD3-B72D-47B6-A68D-7590B98EB39B}
		{C827DC3C-E1FF-4290-B88A-505A8DDE3D76} = {827E0CD3-B72D-47B6-A68D-7590B98EB39B}
		{C0A79099-1C9A-467D-905C-81475663C56D} = {827E0CD3-B72D-47B6-A68D-7590B98EB39B}
	EndGlobalSection
EndGlobal
